
Microsoft Visual Studio Solution File, Format Version 12.00
# Visual Studio Version 16
VisualStudioVersion = 16.0.30309.148
MinimumVisualStudioVersion = 10.0.40219.1
Project("{9A19103F-16F7-4668-BE54-9A1E7A4F7556}") = "ServerHubJogoMVC", "ServerHubJogoMVC\ServerHubJogoMVC.csproj", "{32CD4C94-533E-4E51-919C-961C42CE070B}"
EndProject
Project("{FAE04EC0-301F-11D3-BF4B-00C04F79EFBC}") = "ServerHubJogoMVC.Server", "ServerHubJogoMVC.Server\ServerHubJogoMVC.Server.csproj", "{145BEB9D-6867-46F7-84DC-3F099D799F77}"
EndProject
Global
	GlobalSection(SolutionConfigurationPlatforms) = preSolution
		Debug|Any CPU = Debug|Any CPU
		Release|Any CPU = Release|Any CPU
	EndGlobalSection
	GlobalSection(ProjectConfigurationPlatforms) = postSolution
		{32CD4C94-533E-4E51-919C-961C42CE070B}.Debug|Any CPU.ActiveCfg = Debug|Any CPU
		{32CD4C94-533E-4E51-919C-961C42CE070B}.Debug|Any CPU.Build.0 = Debug|Any CPU
		{32CD4C94-533E-4E51-919C-961C42CE070B}.Release|Any CPU.ActiveCfg = Release|Any CPU
		{32CD4C94-533E-4E51-919C-961C42CE070B}.Release|Any CPU.Build.0 = Release|Any CPU
		{145BEB9D-6867-46F7-84DC-3F099D799F77}.Debug|Any CPU.ActiveCfg = Debug|Any CPU
		{145BEB9D-6867-46F7-84DC-3F099D799F77}.Debug|Any CPU.Build.0 = Debug|Any CPU
		{145BEB9D-6867-46F7-84DC-3F099D799F77}.Release|Any CPU.ActiveCfg = Release|Any CPU
		{145BEB9D-6867-46F7-84DC-3F099D799F77}.Release|Any CPU.Build.0 = Release|Any CPU
	EndGlobalSection
	GlobalSection(SolutionProperties) = preSolution
		HideSolutionNode = FALSE
	EndGlobalSection
	GlobalSection(ExtensibilityGlobals) = postSolution
		SolutionGuid = {0931F937-0A3B-4C49-8D69-94813B88BD60}
	EndGlobalSection
EndGlobal
